# THIS IS AN AUTOGENERATED FILE. DO NOT EDIT THIS FILE DIRECTLY.
# yarn lockfile v1


"@next/env@13.5.6":
  version "13.5.6"
  resolved "https://registry.yarnpkg.com/@next/env/-/env-13.5.6.tgz"
  integrity sha512-9Z6Z6Z6Z6Z6Z6Z6Z6Z6Z6Z6Z6Z6Z6Z6Z6Z6Z6Z6Z6Z6Z6Z6Z6Z6Z6Z6Z6Z6Z6Z6Z6Z6Z6Z6Z6Z6Z6Z6Z6Z6Z6Z6Z6Z6Z6Z6Z6Z6Z6Z6Z6Z6Z6Z6Z6Z6Z6Z6Z6Z6Z6Z6Z6Z6Z6Z6Z6Z6Z6Z6Z6Z6Z6Z6Z6Z6Z6Z6Z6Z6Z6Z6Z6Z6Z6Z6Z6Z6Z6Z6Z6Z6Z6Z6Z6Z6Z6Z6Z6Z6Z6Z6Z6Z6Z6Z6Z6Z6Z6Z6Z6Z6Z6Z6Z6Z6Z6Z6Z6Z6Z6Z6Z6Z6Z6Z6Z6Z6Z6Z6Z6Z6Z6Z6Z6Z6Z6Z6Z6Z6Z6Z6Z6Z6Z6Z6Z6Z6Z6Z6Z6Z6Z6Z6Z6Z6Z6Z6Z6Z6Z6Z6Z6Z6Z6Z6Z6Z6Z6Z6Z6Z6Z6Z6Z6Z6Z6Z6Z6Z6Z6Z6Z6Z6Z6Z6Z6Z6Z6Z6Z6Z6Z6Z6Z6Z6Z6Z6Z6Z6Z6Z6Z6Z6Z6Z6Z6Z6Z6Z6Z6Z6Z6Z6Z6Z6Z6Z6Z6Z6Z6Z6Z6Z6Z6Z6Z6Z6Z6Z6Z6Z6Z6Z6Z6Z6Z6Z6Z6Z6Z6Z6Z6Z6Z6Z6Z6Z6Z6Z6Z6Z6Z6Z6Z6Z6Z6Z6Z6Z6Z6Z6Z6Z6Z6Z6Z6Z6Z6Z6Z6Z6Z6Z6Z6Z6Z6Z6Z6Z6Z6Z6Z6Z6Z6Z6Z6Z6Z6Z6Z6Z6Z6Z6Z6Z6Z6Z6Z6Z6Z6Z6Z6Z6Z6Z6Z6Z6Z6Z6Z6Z6Z6Z6Z6Z6Z6Z6Z6Z6Z6Z6Z6Z6Z6Z6Z6Z6Z6Z6Z6Z6Z6Z6Z6Z6Z6Z6Z6Z6Z6Z6Z6Z6Z6Z6Z6Z6Z6Z6Z6Z6Z6Z6Z6Z6Z6Z6Z6Z6Z6Z6Z6Z6Z6Z6Z6Z6Z6Z6Z6Z6Z6Z6Z6Z6Z6Z6Z6Z6Z6Z6Z6Z6Z6Z6Z6Z6Z6Z6Z6Z6Z6Z6Z6Z6Z6Z6Z6Z6Z6Z6Z6Z6Z6Z6Z6Z6Z6Z6Z6Z6Z6Z6Z6Z6Z6Z6Z6Z6Z6Z6Z6Z6Z6Z6Z6Z6Z6Z6Z6Z6Z6Z6Z6Z6Z6Z6Z6Z6Z6Z6Z6Z6Z6Z6Z6Z6Z6Z6Z6Z6Z6Z6Z6Z6Z6Z6Z6Z6Z6Z6Z6Z6Z6Z6Z6Z6Z6Z6Z6Z6Z6Z6Z6Z6Z6Z6Z6Z6Z6Z6Z6Z6Z6Z6Z6Z6Z6Z6Z6Z6Z6Z6Z6Z6Z6Z6Z6Z6Z6Z6Z6Z6Z6Z6Z6Z6Z6Z6Z6Z6Z6Z6Z6Z6Z6Z6Z6Z6Z6Z6Z6Z6Z6Z6Z6Z6Z6Z6Z6Z6Z6Z6Z6Z6Z6Z6Z6Z6Z6Z6Z6Z6Z6Z6Z6Z6Z6Z6Z6Z6Z6Z6Z6Z6Z6Z6Z6Z6Z6Z6Z6Z6Z6Z6Z6Z6Z6Z6Z6Z6Z6Z6Z6Z6Z6Z6Z6Z6Z6Z6Z6Z6Z6Z6Z6Z6Z6Z6Z6Z6Z6Z6Z6Z6Z6Z6Z6Z6Z6Z6Z6Z6Z6Z6Z6Z6Z6Z6Z6Z6Z6Z6Z6Z6Z6Z6Z6Z6Z6Z6Z6Z6Z6Z6Z6Z6Z6Z6Z6Z6Z6Z6Z6Z6Z6Z6Z6Z6Z6Z6Z6Z6Z6Z6Z6Z6Z6Z6Z6Z6Z6Z6Z6Z6Z6Z6Z6Z6Z6Z6Z6Z6Z6Z6Z6Z6Z6Z6Z6Z6Z6Z6Z6Z6Z6Z6Z6Z6Z6Z6Z6Z6Z6Z6Z6Z6Z6Z6Z6Z6Z6Z6Z6Z6Z6Z6Z6Z6Z6Z6Z6Z6Z6Z6Z6Z6Z6Z6Z6Z6Z6Z6Z6Z6Z6Z6Z6Z6Z6Z6Z6Z6Z6Z6Z6Z6Z6Z6Z6Z6Z6Z6Z6Z6Z6Z6Z6Z6Z6Z6Z6Z6Z6Z6Z6Z6Z6Z6Z6Z6Z6Z6Z6Z6Z6Z6Z6Z6Z6Z6Z6Z6Z6Z6Z6Z6Z6Z6Z6Z6Z6Z6Z6Z6Z6Z6Z6Z6Z6Z6Z6Z6Z6Z6Z6Z6Z6Z6Z6Z6Z6Z6Z6Z6Z6Z6Z6Z6Z6Z6Z6Z6Z6Z6Z6Z6Z6Z6Z6Z6Z6Z6Z6Z6Z6Z6Z6Z6Z6Z6Z6Z6Z6Z6Z6Z6Z6Z6Z6Z6Z6Z6Z6Z6Z6Z6Z6Z6Z6Z6Z6Z6Z6Z6Z6Z6Z6Z6Z6Z6Z6Z6Z6Z6Z6Z6Z6Z6Z6Z6Z6Z6Z6Z6Z6Z6Z6Z6Z6Z6Z6Z6Z6Z6Z6Z6Z6Z6Z6Z6Z6Z6Z6Z6Z6Z6Z6Z6Z6Z6Z6Z6Z6Z6Z6Z6Z6Z6Z6Z6Z6Z6Z6Z6Z6Z6Z6Z6Z6Z6Z6Z6Z6Z6Z6Z6Z6Z6Z6Z6Z6Z6Z6Z6Z6Z6Z6Z6Z6Z6Z6Z6Z6Z6Z6Z6Z6Z6Z6Z6Z6Z6Z6Z6Z6Z6Z6Z6Z6Z6Z6Z6Z6Z6Z6Z6Z6Z6Z6Z6Z6Z6Z6Z6Z6Z6Z6Z6Z6Z6Z6Z6Z6Z6Z6Z6Z6Z6Z6Z6Z6Z6Z6Z6Z6Z6Z6Z6Z6Z6Z6Z6Z6Z6Z6Z6Z6Z6Z6Z6Z6Z6Z6Z6Z6Z6Z6Z6Z6Z6Z6Z6Z6Z6Z6Z6Z6Z6Z6Z6Z6Z6Z6Z6Z6Z6Z6Z6Z6Z6Z6Z6Z6Z6Z6Z6Z6Z6Z6Z6Z6Z6Z6Z6Z6Z6Z6Z6Z6Z6Z6Z6Z6Z6Z6Z6Z6Z6Z6Z6Z6Z6Z6Z6Z6Z6Z6Z6Z6Z6Z6Z6Z6Z6Z6Z6Z6Z6Z6Z6Z6Z6Z6Z6Z6Z6Z6Z6Z6Z6Z6Z6Z6Z6Z6Z6Z6Z6Z6Z6Z6Z6Z6Z6Z6Z6Z6Z6Z6Z6Z6Z6Z6Z6Z6Z6Z6Z6Z6Z6Z6Z6Z6Z6Z6Z6Z6Z6Z6Z6Z6Z6Z6Z6Z6Z6Z6Z6Z6Z6Z6Z6Z6Z6Z6Z6Z6Z6Z6Z6Z6Z6Z6Z6Z6Z6Z6Z6Z6Z6Z6Z6Z6Z6Z6Z6Z6Z6Z6Z6Z6Z6Z6Z6Z6Z6Z6Z6Z6Z6Z6Z6Z6Z6Z6Z6Z6Z6Z6Z6Z6Z6Z6Z6Z6Z6Z6Z6Z6Z6Z6Z6Z6Z6Z6Z6Z6Z6Z6Z6Z6Z6Z6Z6Z6Z6Z6Z6Z6Z6Z6Z6Z6Z6Z6Z6Z6Z6Z6Z6Z6Z6Z6Z6Z6Z6Z6Z6Z6Z6Z6Z6Z6Z6Z6Z6Z6Z6Z6Z6Z6Z6Z6Z6Z6Z6Z6Z6Z6Z6Z6Z6Z6Z6Z6Z6Z6Z6Z6Z6Z6Z6Z6Z6Z6Z6Z6Z6Z6Z6Z6Z6Z6Z6Z6Z6Z6Z6Z6Z6Z6Z6Z6Z6Z6Z6Z6Z6Z6Z6Z6Z6Z6Z6Z6Z6Z6Z6Z6Z6Z6Z6Z6Z6Z6Z6Z6Z6Z6Z6Z6Z6Z6Z6Z6Z6Z6Z6Z6Z6Z6Z6Z6Z6Z6Z6Z6Z6Z6Z6Z6Z6Z6Z6Z6Z6Z6Z6Z6Z6Z6Z6Z6Z6Z6Z6Z6Z6Z6Z6Z6Z6Z6Z6Z6Z6Z6Z6Z6Z6Z6Z6Z6Z6Z6Z6Z6Z6Z6Z6Z6Z6Z6Z6Z6Z6Z6Z6Z6Z6Z6Z6Z6Z6Z6Z6Z6Z6Z6Z6Z6Z6Z6Z6Z6Z6Z6Z6Z6Z6Z6Z6Z6Z6Z6Z6Z6Z6Z6Z6Z6Z6Z6Z6Z6Z6Z6Z6Z6Z6Z6Z6Z6Z6Z6Z6Z6Z6Z6Z6Z6Z6Z6Z6Z6Z6Z6Z6Z6Z6Z6Z6Z6Z6Z6Z6Z6Z6Z6Z6Z6Z6Z6Z6Z6Z6Z6Z6Z6Z6Z6Z6Z6Z6Z6Z6Z6Z6Z6Z6Z6Z6Z6Z6Z6Z6Z6Z6Z6Z6Z6Z6Z6Z6Z6Z6Z6Z6Z6Z6Z6Z6Z6Z6Z6Z6Z6Z6Z6Z6Z6Z6Z6Z6Z6Z6Z6Z6Z6Z6Z6Z6Z6Z6Z6Z6Z6Z6Z6Z6Z6Z6Z6Z6Z6Z6Z6Z6Z6Z6Z6Z6Z6Z6Z6Z6Z6Z6Z6Z6Z6Z6Z6Z6Z6Z6Z6Z6Z6Z6Z6Z6Z6Z6Z6Z6Z6Z6Z6Z6Z6Z6Z6Z6Z6Z6Z6Z6Z6Z6Z6Z6Z6Z6Z6Z6Z6Z6Z6Z6Z6Z6Z6Z6Z6Z6Z6Z6Z6Z6Z6Z6Z6Z6Z6Z6Z6Z6Z6Z6Z6Z6Z6Z6Z6Z6Z6Z6Z6Z6Z6Z6Z6Z6Z6Z6Z6Z6Z6Z6Z6Z6Z6Z6Z6Z6Z6Z6Z6Z6Z6Z6Z6Z6Z6Z6Z6Z6Z6Z6Z6Z6Z6Z6Z6Z6Z6Z6Z6Z6Z6Z6Z6Z6Z6Z6Z6Z6Z6Z6Z6Z6Z6Z6Z6Z6Z6Z6Z6Z6Z6Z6Z6Z6Z6Z6Z6Z6Z6Z6Z6Z6Z6Z6Z6Z6Z6Z6Z6Z6Z6Z6Z6Z6Z6Z6Z6Z6Z6Z6Z6Z6Z6Z6Z6Z6Z6Z6Z6Z6Z6Z6Z6Z6Z6Z6Z6Z6Z6Z6Z6Z6Z6Z6Z6Z6Z6Z6Z6Z6Z6Z6Z6Z6Z6Z6Z6Z6Z6Z6Z6Z6Z6Z6Z6Z6Z6Z6Z6Z6Z6Z6Z6Z6Z6Z6Z6Z6Z6Z6Z6Z6Z6Z6Z6Z6Z6Z6Z6Z6Z6Z6Z6Z6Z6Z6Z6Z6Z6Z6Z6Z6Z6Z6Z6Z6Z6Z6Z6Z6Z6Z6Z6Z6Z6Z6Z6Z6Z6Z6Z6Z6Z6Z6Z6Z6Z6Z6Z6Z6Z6Z6Z6Z6Z6Z6Z6Z6Z6Z6Z6Z6Z6Z6Z6Z6Z6Z6Z6Z6Z6Z6Z6Z6Z6Z6Z6Z6Z6Z6Z6Z6Z6Z6Z6Z6Z6Z6Z6Z6Z6Z6Z6Z6Z6Z6Z6Z6Z6Z6Z6Z6Z6Z6Z6Z6Z6Z6Z6Z6Z6Z6Z6Z6Z6Z6Z6Z6Z6Z6Z6Z6Z6Z6Z6Z6Z6Z6Z6Z6Z6Z6Z6Z6Z6Z6Z6Z6Z6Z6Z6Z6Z6Z6Z6Z6Z6Z6Z6Z6Z6Z6Z6Z6Z6Z6Z6Z6Z6Z6Z6Z6Z6Z6Z6Z6Z6Z6Z6Z6Z6Z6Z6Z6Z6Z6Z6Z6Z6Z6Z6Z6Z6Z6Z6Z6Z6Z6